Microsoft Visual Studio Solution File, Format Version 12.00
# Visual Studio Version 17
VisualStudioVersion = 17.5.2.0
MinimumVisualStudioVersion = 10.0.40219.1
Project("{FAE04EC0-301F-11D3-BF4B-00C04F79EFBC}") = "name", "name.csproj", "{ADA3F24B-62E0-FF7C-A20F-B06397C0364B}"
EndProject
Global
	GlobalSection(SolutionConfigurationPlatforms) = preSolution
		Debug|Any CPU = Debug|Any CPU
		Release|Any CPU = Release|Any CPU
	EndGlobalSection
	GlobalSection(ProjectConfigurationPlatforms) = postSolution
		{ADA3F24B-62E0-FF7C-A20F-B06397C0364B}.Debug|Any CPU.ActiveCfg = Debug|Any CPU
		{ADA3F24B-62E0-FF7C-A20F-B06397C0364B}.Debug|Any CPU.Build.0 = Debug|Any CPU
		{ADA3F24B-62E0-FF7C-A20F-B06397C0364B}.Release|Any CPU.ActiveCfg = Release|Any CPU
		{ADA3F24B-62E0-FF7C-A20F-B06397C0364B}.Release|Any CPU.Build.0 = Release|Any CPU
	EndGlobalSection
	GlobalSection(SolutionProperties) = preSolution
		HideSolutionNode = FALSE
	EndGlobalSection
	GlobalSection(ExtensibilityGlobals) = postSolution
		SolutionGuid = {8233661F-3402-46E4-A31A-B363CD069A11}
	EndGlobalSection
EndGlobal
